# auto-generated by grc.converter

id: digitalhf_msg_proxy
label: msg_proxy
category: '[digitalhf]'

parameters:
-   id: '...'
    label: '...'
    dtype: '...'

inputs:
-   domain: stream
    dtype: ''

outputs:
-   domain: stream
    dtype: ''

templates:
    imports: import digitalhf
    make: digitalhf.msg_proxy(${physical_layer_object})

file_format: 1
